// !$*UTF8*$!
{
	archiveVersion = 1;
	classes = {
	};
	objectVersion = 52;
	objects = {

/* Begin PBXBuildFile section */
		2E4BFA4D989FEEBCC05FCA35 /* Pods_Trady.framework in Frameworks */ = {isa = PBXBuildFile; fileRef = 8C670F9E0FC76D55F050AC68 /* Pods_Trady.framework */; };
		AE63F466D3933B2393B94774 /* Pods_Trady_TradyUITests.framework in Frameworks */ = {isa = PBXBuildFile; fileRef = F8A09BB9EA121274BAE601C1 /* Pods_Trady_TradyUITests.framework */; };
		BAD6AB378730C55F03257438 /* Pods_TradyTests.framework in Frameworks */ = {isa = PBXBuildFile; fileRef = 3CEECDBAE54C7169BA828D7F /* Pods_TradyTests.framework */; };
		C912D17325C094C8005CA7A5 /* EnteringView.swift in Sources */ = {isa = PBXBuildFile; fileRef = C912D17225C094C8005CA7A5 /* EnteringView.swift */; };
		C95C402B25C1E39800B40E3A /* LoginViewModifiers.swift in Sources */ = {isa = PBXBuildFile; fileRef = C95C402A25C1E39800B40E3A /* LoginViewModifiers.swift */; };
		C95C403425C33B4300B40E3A /* LoginServiceProtocol.swift in Sources */ = {isa = PBXBuildFile; fileRef = C95C403325C33B4300B40E3A /* LoginServiceProtocol.swift */; };
		C95C403C25C33B6A00B40E3A /* LoginService.swift in Sources */ = {isa = PBXBuildFile; fileRef = C95C403B25C33B6A00B40E3A /* LoginService.swift */; };
		C95C404125C33D2F00B40E3A /* LoginForm.swift in Sources */ = {isa = PBXBuildFile; fileRef = C95C404025C33D2F00B40E3A /* LoginForm.swift */; };
		C967AEDF25BC3E6000A7710F /* TradyApp.swift in Sources */ = {isa = PBXBuildFile; fileRef = C967AEDE25BC3E6000A7710F /* TradyApp.swift */; };
		C967AEE125BC3E6000A7710F /* LoginContentView.swift in Sources */ = {isa = PBXBuildFile; fileRef = C967AEE025BC3E6000A7710F /* LoginContentView.swift */; };
		C967AEE325BC3E6200A7710F /* Assets.xcassets in Resources */ = {isa = PBXBuildFile; fileRef = C967AEE225BC3E6200A7710F /* Assets.xcassets */; };
		C967AEE625BC3E6200A7710F /* Preview Assets.xcassets in Resources */ = {isa = PBXBuildFile; fileRef = C967AEE525BC3E6200A7710F /* Preview Assets.xcassets */; };
		C967AEF125BC3E6200A7710F /* TradyTests.swift in Sources */ = {isa = PBXBuildFile; fileRef = C967AEF025BC3E6200A7710F /* TradyTests.swift */; };
		C967AEFC25BC3E6200A7710F /* TradyUITests.swift in Sources */ = {isa = PBXBuildFile; fileRef = C967AEFB25BC3E6200A7710F /* TradyUITests.swift */; };
		C96896C125D58B1A0045A35C /* AppleSignInProxy.swift in Sources */ = {isa = PBXBuildFile; fileRef = C96896C025D58B1A0045A35C /* AppleSignInProxy.swift */; };
		C96896CA25D6D93C0045A35C /* ViewModelType.swift in Sources */ = {isa = PBXBuildFile; fileRef = C96896C925D6D93C0045A35C /* ViewModelType.swift */; };
		C96896CF25D6F1050045A35C /* SubscriptionBag.swift in Sources */ = {isa = PBXBuildFile; fileRef = C96896CE25D6F1050045A35C /* SubscriptionBag.swift */; };
		C96C5E8A25CEA6F9003C075E /* AppDelegate.swift in Sources */ = {isa = PBXBuildFile; fileRef = C96C5E8925CEA6F9003C075E /* AppDelegate.swift */; };
		C96C5E9025CEAEAB003C075E /* GoogleSignInProxy.swift in Sources */ = {isa = PBXBuildFile; fileRef = C96C5E8F25CEAEAB003C075E /* GoogleSignInProxy.swift */; };
		C96C5E9625CEB377003C075E /* URLSessionProtocol.swift in Sources */ = {isa = PBXBuildFile; fileRef = C96C5E9525CEB377003C075E /* URLSessionProtocol.swift */; };
		C96C5E9E25CEB389003C075E /* URLSessionTaskProtocol.swift in Sources */ = {isa = PBXBuildFile; fileRef = C96C5E9D25CEB389003C075E /* URLSessionTaskProtocol.swift */; };
		C96C5EA325CEB403003C075E /* URLRequestProtocol.swift in Sources */ = {isa = PBXBuildFile; fileRef = C96C5EA225CEB403003C075E /* URLRequestProtocol.swift */; };
		C96C5EA925CEB434003C075E /* URLResponseProtocol.swift in Sources */ = {isa = PBXBuildFile; fileRef = C96C5EA825CEB434003C075E /* URLResponseProtocol.swift */; };
		C96C5EB125CEB461003C075E /* HTTPStatusCode.swift in Sources */ = {isa = PBXBuildFile; fileRef = C96C5EB025CEB461003C075E /* HTTPStatusCode.swift */; };
		C97A228825CFFFEB0021893D /* APIError.swift in Sources */ = {isa = PBXBuildFile; fileRef = C97A228725CFFFEB0021893D /* APIError.swift */; };
		C97A228D25D008CB0021893D /* AuthServiceProtocol.swift in Sources */ = {isa = PBXBuildFile; fileRef = C97A228C25D008CB0021893D /* AuthServiceProtocol.swift */; };
		C97A229225D008F60021893D /* AuthService.swift in Sources */ = {isa = PBXBuildFile; fileRef = C97A229125D008F60021893D /* AuthService.swift */; };
		C98FAF0925BF110E00709042 /* SwiftUIView.swift in Sources */ = {isa = PBXBuildFile; fileRef = C98FAF0825BF110E00709042 /* SwiftUIView.swift */; };
		C9B5E2D425BC750E0024678D /* SpoqaHanSansBold.ttf in Resources */ = {isa = PBXBuildFile; fileRef = C9B5E2D025BC750C0024678D /* SpoqaHanSansBold.ttf */; };
		C9B5E2D525BC750E0024678D /* SpoqaHanSansLight.ttf in Resources */ = {isa = PBXBuildFile; fileRef = C9B5E2D125BC750C0024678D /* SpoqaHanSansLight.ttf */; };
		C9B5E2D625BC750E0024678D /* SpoqaHanSansThin.ttf in Resources */ = {isa = PBXBuildFile; fileRef = C9B5E2D225BC750D0024678D /* SpoqaHanSansThin.ttf */; };
		C9B5E2D725BC750E0024678D /* SpoqaHanSansRegular.ttf in Resources */ = {isa = PBXBuildFile; fileRef = C9B5E2D325BC750E0024678D /* SpoqaHanSansRegular.ttf */; };
		C9B5E2E325BD72450024678D /* MainTabView.swift in Sources */ = {isa = PBXBuildFile; fileRef = C9B5E2E225BD72450024678D /* MainTabView.swift */; };
		C9B821F525BE406A00AEE7CD /* FeedView.swift in Sources */ = {isa = PBXBuildFile; fileRef = C9B821F425BE406A00AEE7CD /* FeedView.swift */; };
		C9B821FD25BE409200AEE7CD /* AlarmView.swift in Sources */ = {isa = PBXBuildFile; fileRef = C9B821FC25BE409200AEE7CD /* AlarmView.swift */; };
		C9B8220825BE422D00AEE7CD /* ChatView.swift in Sources */ = {isa = PBXBuildFile; fileRef = C9B8220725BE422D00AEE7CD /* ChatView.swift */; };
		C9B8220D25BE423400AEE7CD /* MyView.swift in Sources */ = {isa = PBXBuildFile; fileRef = C9B8220C25BE423400AEE7CD /* MyView.swift */; };
		C9CDB85425C1D95A00F874CE /* LoginViewModel.swift in Sources */ = {isa = PBXBuildFile; fileRef = C9CDB85325C1D95A00F874CE /* LoginViewModel.swift */; };
		C9CDB85D25C1D99100F874CE /* LoginType.swift in Sources */ = {isa = PBXBuildFile; fileRef = C9CDB85C25C1D99100F874CE /* LoginType.swift */; };
		C9CDB86225C1DAA400F874CE /* GoogleService-Info.plist in Resources */ = {isa = PBXBuildFile; fileRef = C9CDB86125C1DAA400F874CE /* GoogleService-Info.plist */; };
		CE11120F26A08553002021DF /* FeedViewModel.swift in Sources */ = {isa = PBXBuildFile; fileRef = CE11120E26A08553002021DF /* FeedViewModel.swift */; };
		CE11121726A08595002021DF /* FeedCellViewModel.swift in Sources */ = {isa = PBXBuildFile; fileRef = CE11121626A08595002021DF /* FeedCellViewModel.swift */; };
		CE11122426A08742002021DF /* FeedCellView.swift in Sources */ = {isa = PBXBuildFile; fileRef = CE11122326A08742002021DF /* FeedCellView.swift */; };
		CE11122926A5B7DC002021DF /* Colors.swift in Sources */ = {isa = PBXBuildFile; fileRef = CE11122826A5B7DC002021DF /* Colors.swift */; };
		CE11122E26A5C5B3002021DF /* FeedWriteView.swift in Sources */ = {isa = PBXBuildFile; fileRef = CE11122D26A5C5B2002021DF /* FeedWriteView.swift */; };
		CE11123326A5C850002021DF /* FeedWriteViewModel.swift in Sources */ = {isa = PBXBuildFile; fileRef = CE11123226A5C850002021DF /* FeedWriteViewModel.swift */; };
		CE11123926A5C971002021DF /* EventHandler.swift in Sources */ = {isa = PBXBuildFile; fileRef = CE11123826A5C971002021DF /* EventHandler.swift */; };
		CE3781E625ECF77100310E2B /* FirebaseRequest.swift in Sources */ = {isa = PBXBuildFile; fileRef = CE3781E525ECF77100310E2B /* FirebaseRequest.swift */; };
		CE3781EB25ECF80200310E2B /* Network.swift in Sources */ = {isa = PBXBuildFile; fileRef = CE3781EA25ECF80200310E2B /* Network.swift */; };
		CE37820B25ECFCDE00310E2B /* FireStoreServer.swift in Sources */ = {isa = PBXBuildFile; fileRef = CE37820A25ECFCDE00310E2B /* FireStoreServer.swift */; };
		CE37821125ED4E7D00310E2B /* AppPhaseManager.swift in Sources */ = {isa = PBXBuildFile; fileRef = CE37821025ED4E7D00310E2B /* AppPhaseManager.swift */; };
		CE37821625ED52F100310E2B /* ChatBubbleView.swift in Sources */ = {isa = PBXBuildFile; fileRef = CE37821525ED52F100310E2B /* ChatBubbleView.swift */; };
		CE37821C25ED536800310E2B /* ChatBubblePosition.swift in Sources */ = {isa = PBXBuildFile; fileRef = CE37821B25ED536800310E2B /* ChatBubblePosition.swift */; };
		CE3B063726E518FE0043B97D /* SelfSizingTextEditor.swift in Sources */ = {isa = PBXBuildFile; fileRef = CE3B063626E518FE0043B97D /* SelfSizingTextEditor.swift */; };
		CE75BEAC26DB6CA7009E5032 /* FeedService.swift in Sources */ = {isa = PBXBuildFile; fileRef = CE75BEAB26DB6CA7009E5032 /* FeedService.swift */; };
		CE75BEB126DB6CC0009E5032 /* FeedServiceProtocol.swift in Sources */ = {isa = PBXBuildFile; fileRef = CE75BEB026DB6CC0009E5032 /* FeedServiceProtocol.swift */; };
		CE75BEB626DB7DC3009E5032 /* Post.swift in Sources */ = {isa = PBXBuildFile; fileRef = CE75BEB526DB7DC3009E5032 /* Post.swift */; };
		CE75BEBB26DB80A5009E5032 /* TradyApi.swift in Sources */ = {isa = PBXBuildFile; fileRef = CE75BEBA26DB80A5009E5032 /* TradyApi.swift */; };
		CEACBCF826F4B8E1004B9C48 /* LocationService.swift in Sources */ = {isa = PBXBuildFile; fileRef = CEACBCF726F4B8E1004B9C48 /* LocationService.swift */; };
		CEACBCFA26F4C048004B9C48 /* LocationTag.swift in Sources */ = {isa = PBXBuildFile; fileRef = CEACBCF926F4C048004B9C48 /* LocationTag.swift */; };
		CEACBCFC26F4C94E004B9C48 /* LocationServiceProtocol.swift in Sources */ = {isa = PBXBuildFile; fileRef = CEACBCFB26F4C94E004B9C48 /* LocationServiceProtocol.swift */; };
		CEACBCFE26F63FAA004B9C48 /* FeedTagSelectionView.swift in Sources */ = {isa = PBXBuildFile; fileRef = CEACBCFD26F63FAA004B9C48 /* FeedTagSelectionView.swift */; };
		CEACBD0026F63FCF004B9C48 /* FeedTagSelectionViewModel.swift in Sources */ = {isa = PBXBuildFile; fileRef = CEACBCFF26F63FCF004B9C48 /* FeedTagSelectionViewModel.swift */; };
		CEACBD0326F64E48004B9C48 /* Array+.swift in Sources */ = {isa = PBXBuildFile; fileRef = CEACBD0226F64E48004B9C48 /* Array+.swift */; };
		CEACBD0626F652C3004B9C48 /* SwiftUIFlowLayout in Frameworks */ = {isa = PBXBuildFile; productRef = CEACBD0526F652C3004B9C48 /* SwiftUIFlowLayout */; };
/* End PBXBuildFile section */

/* Begin PBXContainerItemProxy section */
		C967AEED25BC3E6200A7710F /* PBXContainerItemProxy */ = {
			isa = PBXContainerItemProxy;
			containerPortal = C967AED325BC3E6000A7710F /* Project object */;
			proxyType = 1;
			remoteGlobalIDString = C967AEDA25BC3E6000A7710F;
			remoteInfo = Trady;
		};
		C967AEF825BC3E6200A7710F /* PBXContainerItemProxy */ = {
			isa = PBXContainerItemProxy;
			containerPortal = C967AED325BC3E6000A7710F /* Project object */;
			proxyType = 1;
			remoteGlobalIDString = C967AEDA25BC3E6000A7710F;
			remoteInfo = Trady;
		};
/* End PBXContainerItemProxy section */

/* Begin PBXFileReference section */
		09EA7BEE3898696444147CB6 /* Pods-Trady.debug.xcconfig */ = {isa = PBXFileReference; includeInIndex = 1; lastKnownFileType = text.xcconfig; name = "Pods-Trady.debug.xcconfig"; path = "Target Support Files/Pods-Trady/Pods-Trady.debug.xcconfig"; sourceTree = "<group>"; };
		3CEECDBAE54C7169BA828D7F /* Pods_TradyTests.framework */ = {isa = PBXFileReference; explicitFileType = wrapper.framework; includeInIndex = 0; path = Pods_TradyTests.framework; sourceTree = BUILT_PRODUCTS_DIR; };
		7E8021374B776390750B5C02 /* Pods-Trady-TradyUITests.release.xcconfig */ = {isa = PBXFileReference; includeInIndex = 1; lastKnownFileType = text.xcconfig; name = "Pods-Trady-TradyUITests.release.xcconfig"; path = "Target Support Files/Pods-Trady-TradyUITests/Pods-Trady-TradyUITests.release.xcconfig"; sourceTree = "<group>"; };
		8C670F9E0FC76D55F050AC68 /* Pods_Trady.framework */ = {isa = PBXFileReference; explicitFileType = wrapper.framework; includeInIndex = 0; path = Pods_Trady.framework; sourceTree = BUILT_PRODUCTS_DIR; };
		9AE7E3C759F350F327670ACD /* Pods-TradyTests.release.xcconfig */ = {isa = PBXFileReference; includeInIndex = 1; lastKnownFileType = text.xcconfig; name = "Pods-TradyTests.release.xcconfig"; path = "Target Support Files/Pods-TradyTests/Pods-TradyTests.release.xcconfig"; sourceTree = "<group>"; };
		A58ADF1C2E986D4FCB36BB04 /* Pods-TradyTests.debug.xcconfig */ = {isa = PBXFileReference; includeInIndex = 1; lastKnownFileType = text.xcconfig; name = "Pods-TradyTests.debug.xcconfig"; path = "Target Support Files/Pods-TradyTests/Pods-TradyTests.debug.xcconfig"; sourceTree = "<group>"; };
		C912D17225C094C8005CA7A5 /* EnteringView.swift */ = {isa = PBXFileReference; lastKnownFileType = sourcecode.swift; path = EnteringView.swift; sourceTree = "<group>"; };
		C95C402A25C1E39800B40E3A /* LoginViewModifiers.swift */ = {isa = PBXFileReference; lastKnownFileType = sourcecode.swift; path = LoginViewModifiers.swift; sourceTree = "<group>"; };
		C95C403325C33B4300B40E3A /* LoginServiceProtocol.swift */ = {isa = PBXFileReference; lastKnownFileType = sourcecode.swift; path = LoginServiceProtocol.swift; sourceTree = "<group>"; };
		C95C403B25C33B6A00B40E3A /* LoginService.swift */ = {isa = PBXFileReference; lastKnownFileType = sourcecode.swift; path = LoginService.swift; sourceTree = "<group>"; };
		C95C404025C33D2F00B40E3A /* LoginForm.swift */ = {isa = PBXFileReference; lastKnownFileType = sourcecode.swift; path = LoginForm.swift; sourceTree = "<group>"; };
		C967AEDB25BC3E6000A7710F /* Trady.app */ = {isa = PBXFileReference; explicitFileType = wrapper.application; includeInIndex = 0; path = Trady.app; sourceTree = BUILT_PRODUCTS_DIR; };
		C967AEDE25BC3E6000A7710F /* TradyApp.swift */ = {isa = PBXFileReference; lastKnownFileType = sourcecode.swift; path = TradyApp.swift; sourceTree = "<group>"; };
		C967AEE025BC3E6000A7710F /* LoginContentView.swift */ = {isa = PBXFileReference; lastKnownFileType = sourcecode.swift; path = LoginContentView.swift; sourceTree = "<group>"; };
		C967AEE225BC3E6200A7710F /* Assets.xcassets */ = {isa = PBXFileReference; lastKnownFileType = folder.assetcatalog; path = Assets.xcassets; sourceTree = "<group>"; };
		C967AEE525BC3E6200A7710F /* Preview Assets.xcassets */ = {isa = PBXFileReference; lastKnownFileType = folder.assetcatalog; path = "Preview Assets.xcassets"; sourceTree = "<group>"; };
		C967AEE725BC3E6200A7710F /* Info.plist */ = {isa = PBXFileReference; lastKnownFileType = text.plist.xml; path = Info.plist; sourceTree = "<group>"; };
		C967AEEC25BC3E6200A7710F /* TradyTests.xctest */ = {isa = PBXFileReference; explicitFileType = wrapper.cfbundle; includeInIndex = 0; path = TradyTests.xctest; sourceTree = BUILT_PRODUCTS_DIR; };
		C967AEF025BC3E6200A7710F /* TradyTests.swift */ = {isa = PBXFileReference; lastKnownFileType = sourcecode.swift; path = TradyTests.swift; sourceTree = "<group>"; };
		C967AEF225BC3E6200A7710F /* Info.plist */ = {isa = PBXFileReference; lastKnownFileType = text.plist.xml; path = Info.plist; sourceTree = "<group>"; };
		C967AEF725BC3E6200A7710F /* TradyUITests.xctest */ = {isa = PBXFileReference; explicitFileType = wrapper.cfbundle; includeInIndex = 0; path = TradyUITests.xctest; sourceTree = BUILT_PRODUCTS_DIR; };
		C967AEFB25BC3E6200A7710F /* TradyUITests.swift */ = {isa = PBXFileReference; lastKnownFileType = sourcecode.swift; path = TradyUITests.swift; sourceTree = "<group>"; };
		C967AEFD25BC3E6200A7710F /* Info.plist */ = {isa = PBXFileReference; lastKnownFileType = text.plist.xml; path = Info.plist; sourceTree = "<group>"; };
		C96896C025D58B1A0045A35C /* AppleSignInProxy.swift */ = {isa = PBXFileReference; lastKnownFileType = sourcecode.swift; path = AppleSignInProxy.swift; sourceTree = "<group>"; };
		C96896C525D5966A0045A35C /* Trady.entitlements */ = {isa = PBXFileReference; lastKnownFileType = text.plist.entitlements; path = Trady.entitlements; sourceTree = "<group>"; };
		C96896C925D6D93C0045A35C /* ViewModelType.swift */ = {isa = PBXFileReference; lastKnownFileType = sourcecode.swift; path = ViewModelType.swift; sourceTree = "<group>"; };
		C96896CE25D6F1050045A35C /* SubscriptionBag.swift */ = {isa = PBXFileReference; lastKnownFileType = sourcecode.swift; path = SubscriptionBag.swift; sourceTree = "<group>"; };
		C96C5E8925CEA6F9003C075E /* AppDelegate.swift */ = {isa = PBXFileReference; lastKnownFileType = sourcecode.swift; path = AppDelegate.swift; sourceTree = "<group>"; };
		C96C5E8F25CEAEAB003C075E /* GoogleSignInProxy.swift */ = {isa = PBXFileReference; lastKnownFileType = sourcecode.swift; path = GoogleSignInProxy.swift; sourceTree = "<group>"; };
		C96C5E9525CEB377003C075E /* URLSessionProtocol.swift */ = {isa = PBXFileReference; lastKnownFileType = sourcecode.swift; path = URLSessionProtocol.swift; sourceTree = "<group>"; };
		C96C5E9D25CEB389003C075E /* URLSessionTaskProtocol.swift */ = {isa = PBXFileReference; lastKnownFileType = sourcecode.swift; path = URLSessionTaskProtocol.swift; sourceTree = "<group>"; };
		C96C5EA225CEB403003C075E /* URLRequestProtocol.swift */ = {isa = PBXFileReference; lastKnownFileType = sourcecode.swift; path = URLRequestProtocol.swift; sourceTree = "<group>"; };
		C96C5EA825CEB434003C075E /* URLResponseProtocol.swift */ = {isa = PBXFileReference; lastKnownFileType = sourcecode.swift; path = URLResponseProtocol.swift; sourceTree = "<group>"; };
		C96C5EB025CEB461003C075E /* HTTPStatusCode.swift */ = {isa = PBXFileReference; lastKnownFileType = sourcecode.swift; path = HTTPStatusCode.swift; sourceTree = "<group>"; };
		C97A228725CFFFEB0021893D /* APIError.swift */ = {isa = PBXFileReference; lastKnownFileType = sourcecode.swift; path = APIError.swift; sourceTree = "<group>"; };
		C97A228C25D008CB0021893D /* AuthServiceProtocol.swift */ = {isa = PBXFileReference; lastKnownFileType = sourcecode.swift; path = AuthServiceProtocol.swift; sourceTree = "<group>"; };
		C97A229125D008F60021893D /* AuthService.swift */ = {isa = PBXFileReference; lastKnownFileType = sourcecode.swift; path = AuthService.swift; sourceTree = "<group>"; };
		C98FAF0825BF110E00709042 /* SwiftUIView.swift */ = {isa = PBXFileReference; lastKnownFileType = sourcecode.swift; path = SwiftUIView.swift; sourceTree = "<group>"; };
		C9B5E2D025BC750C0024678D /* SpoqaHanSansBold.ttf */ = {isa = PBXFileReference; lastKnownFileType = file; path = SpoqaHanSansBold.ttf; sourceTree = "<group>"; };
		C9B5E2D125BC750C0024678D /* SpoqaHanSansLight.ttf */ = {isa = PBXFileReference; lastKnownFileType = file; path = SpoqaHanSansLight.ttf; sourceTree = "<group>"; };
		C9B5E2D225BC750D0024678D /* SpoqaHanSansThin.ttf */ = {isa = PBXFileReference; lastKnownFileType = file; path = SpoqaHanSansThin.ttf; sourceTree = "<group>"; };
		C9B5E2D325BC750E0024678D /* SpoqaHanSansRegular.ttf */ = {isa = PBXFileReference; lastKnownFileType = file; path = SpoqaHanSansRegular.ttf; sourceTree = "<group>"; };
		C9B5E2E225BD72450024678D /* MainTabView.swift */ = {isa = PBXFileReference; lastKnownFileType = sourcecode.swift; path = MainTabView.swift; sourceTree = "<group>"; };
		C9B821F425BE406A00AEE7CD /* FeedView.swift */ = {isa = PBXFileReference; lastKnownFileType = sourcecode.swift; path = FeedView.swift; sourceTree = "<group>"; };
		C9B821FC25BE409200AEE7CD /* AlarmView.swift */ = {isa = PBXFileReference; lastKnownFileType = sourcecode.swift; path = AlarmView.swift; sourceTree = "<group>"; };
		C9B8220725BE422D00AEE7CD /* ChatView.swift */ = {isa = PBXFileReference; lastKnownFileType = sourcecode.swift; path = ChatView.swift; sourceTree = "<group>"; };
		C9B8220C25BE423400AEE7CD /* MyView.swift */ = {isa = PBXFileReference; lastKnownFileType = sourcecode.swift; path = MyView.swift; sourceTree = "<group>"; };
		C9CDB85325C1D95A00F874CE /* LoginViewModel.swift */ = {isa = PBXFileReference; lastKnownFileType = sourcecode.swift; path = LoginViewModel.swift; sourceTree = "<group>"; };
		C9CDB85C25C1D99100F874CE /* LoginType.swift */ = {isa = PBXFileReference; lastKnownFileType = sourcecode.swift; path = LoginType.swift; sourceTree = "<group>"; };
		C9CDB86125C1DAA400F874CE /* GoogleService-Info.plist */ = {isa = PBXFileReference; fileEncoding = 4; lastKnownFileType = text.plist.xml; path = "GoogleService-Info.plist"; sourceTree = "<group>"; };
		CE11120E26A08553002021DF /* FeedViewModel.swift */ = {isa = PBXFileReference; lastKnownFileType = sourcecode.swift; path = FeedViewModel.swift; sourceTree = "<group>"; };
		CE11121626A08595002021DF /* FeedCellViewModel.swift */ = {isa = PBXFileReference; lastKnownFileType = sourcecode.swift; path = FeedCellViewModel.swift; sourceTree = "<group>"; };
		CE11122326A08742002021DF /* FeedCellView.swift */ = {isa = PBXFileReference; lastKnownFileType = sourcecode.swift; path = FeedCellView.swift; sourceTree = "<group>"; };
		CE11122826A5B7DC002021DF /* Colors.swift */ = {isa = PBXFileReference; lastKnownFileType = sourcecode.swift; path = Colors.swift; sourceTree = "<group>"; };
		CE11122D26A5C5B2002021DF /* FeedWriteView.swift */ = {isa = PBXFileReference; lastKnownFileType = sourcecode.swift; path = FeedWriteView.swift; sourceTree = "<group>"; };
		CE11123226A5C850002021DF /* FeedWriteViewModel.swift */ = {isa = PBXFileReference; lastKnownFileType = sourcecode.swift; path = FeedWriteViewModel.swift; sourceTree = "<group>"; };
		CE11123826A5C971002021DF /* EventHandler.swift */ = {isa = PBXFileReference; lastKnownFileType = sourcecode.swift; path = EventHandler.swift; sourceTree = "<group>"; };
		CE3781E525ECF77100310E2B /* FirebaseRequest.swift */ = {isa = PBXFileReference; lastKnownFileType = sourcecode.swift; path = FirebaseRequest.swift; sourceTree = "<group>"; };
		CE3781EA25ECF80200310E2B /* Network.swift */ = {isa = PBXFileReference; lastKnownFileType = sourcecode.swift; path = Network.swift; sourceTree = "<group>"; };
		CE37820A25ECFCDE00310E2B /* FireStoreServer.swift */ = {isa = PBXFileReference; lastKnownFileType = sourcecode.swift; path = FireStoreServer.swift; sourceTree = "<group>"; };
		CE37821025ED4E7D00310E2B /* AppPhaseManager.swift */ = {isa = PBXFileReference; lastKnownFileType = sourcecode.swift; path = AppPhaseManager.swift; sourceTree = "<group>"; };
		CE37821525ED52F100310E2B /* ChatBubbleView.swift */ = {isa = PBXFileReference; lastKnownFileType = sourcecode.swift; path = ChatBubbleView.swift; sourceTree = "<group>"; };
		CE37821B25ED536800310E2B /* ChatBubblePosition.swift */ = {isa = PBXFileReference; lastKnownFileType = sourcecode.swift; path = ChatBubblePosition.swift; sourceTree = "<group>"; };
		CE3B063626E518FE0043B97D /* SelfSizingTextEditor.swift */ = {isa = PBXFileReference; lastKnownFileType = sourcecode.swift; path = SelfSizingTextEditor.swift; sourceTree = "<group>"; };
		CE75BEAB26DB6CA7009E5032 /* FeedService.swift */ = {isa = PBXFileReference; lastKnownFileType = sourcecode.swift; path = FeedService.swift; sourceTree = "<group>"; };
		CE75BEB026DB6CC0009E5032 /* FeedServiceProtocol.swift */ = {isa = PBXFileReference; lastKnownFileType = sourcecode.swift; path = FeedServiceProtocol.swift; sourceTree = "<group>"; };
		CE75BEB526DB7DC3009E5032 /* Post.swift */ = {isa = PBXFileReference; lastKnownFileType = sourcecode.swift; path = Post.swift; sourceTree = "<group>"; };
		CE75BEBA26DB80A5009E5032 /* TradyApi.swift */ = {isa = PBXFileReference; lastKnownFileType = sourcecode.swift; path = TradyApi.swift; sourceTree = "<group>"; };
		CEACBCF726F4B8E1004B9C48 /* LocationService.swift */ = {isa = PBXFileReference; lastKnownFileType = sourcecode.swift; path = LocationService.swift; sourceTree = "<group>"; };
		CEACBCF926F4C048004B9C48 /* LocationTag.swift */ = {isa = PBXFileReference; lastKnownFileType = sourcecode.swift; path = LocationTag.swift; sourceTree = "<group>"; };
		CEACBCFB26F4C94E004B9C48 /* LocationServiceProtocol.swift */ = {isa = PBXFileReference; lastKnownFileType = sourcecode.swift; path = LocationServiceProtocol.swift; sourceTree = "<group>"; };
		CEACBCFD26F63FAA004B9C48 /* FeedTagSelectionView.swift */ = {isa = PBXFileReference; lastKnownFileType = sourcecode.swift; path = FeedTagSelectionView.swift; sourceTree = "<group>"; };
		CEACBCFF26F63FCF004B9C48 /* FeedTagSelectionViewModel.swift */ = {isa = PBXFileReference; lastKnownFileType = sourcecode.swift; path = FeedTagSelectionViewModel.swift; sourceTree = "<group>"; };
		CEACBD0226F64E48004B9C48 /* Array+.swift */ = {isa = PBXFileReference; lastKnownFileType = sourcecode.swift; path = "Array+.swift"; sourceTree = "<group>"; };
		D89A31F2CCA6F277E20BB2E3 /* Pods-Trady-TradyUITests.debug.xcconfig */ = {isa = PBXFileReference; includeInIndex = 1; lastKnownFileType = text.xcconfig; name = "Pods-Trady-TradyUITests.debug.xcconfig"; path = "Target Support Files/Pods-Trady-TradyUITests/Pods-Trady-TradyUITests.debug.xcconfig"; sourceTree = "<group>"; };
		E0C19B4823882085D8508280 /* Pods-Trady.release.xcconfig */ = {isa = PBXFileReference; includeInIndex = 1; lastKnownFileType = text.xcconfig; name = "Pods-Trady.release.xcconfig"; path = "Target Support Files/Pods-Trady/Pods-Trady.release.xcconfig"; sourceTree = "<group>"; };
		F8A09BB9EA121274BAE601C1 /* Pods_Trady_TradyUITests.framework */ = {isa = PBXFileReference; explicitFileType = wrapper.framework; includeInIndex = 0; path = Pods_Trady_TradyUITests.framework; sourceTree = BUILT_PRODUCTS_DIR; };
/* End PBXFileReference section */

/* Begin PBXFrameworksBuildPhase section */
		C967AED825BC3E6000A7710F /* Frameworks */ = {
			isa = PBXFrameworksBuildPhase;
			buildActionMask = 2147483647;
			files = (
				CEACBD0626F652C3004B9C48 /* SwiftUIFlowLayout in Frameworks */,
				2E4BFA4D989FEEBCC05FCA35 /* Pods_Trady.framework in Frameworks */,
			);
			runOnlyForDeploymentPostprocessing = 0;
		};
		C967AEE925BC3E6200A7710F /* Frameworks */ = {
			isa = PBXFrameworksBuildPhase;
			buildActionMask = 2147483647;
			files = (
				BAD6AB378730C55F03257438 /* Pods_TradyTests.framework in Frameworks */,
			);
			runOnlyForDeploymentPostprocessing = 0;
		};
		C967AEF425BC3E6200A7710F /* Frameworks */ = {
			isa = PBXFrameworksBuildPhase;
			buildActionMask = 2147483647;
			files = (
				AE63F466D3933B2393B94774 /* Pods_Trady_TradyUITests.framework in Frameworks */,
			);
			runOnlyForDeploymentPostprocessing = 0;
		};
/* End PBXFrameworksBuildPhase section */

/* Begin PBXGroup section */
		4B016228170F8A3B3AD38F37 /* Frameworks */ = {
			isa = PBXGroup;
			children = (
				8C670F9E0FC76D55F050AC68 /* Pods_Trady.framework */,
				F8A09BB9EA121274BAE601C1 /* Pods_Trady_TradyUITests.framework */,
				3CEECDBAE54C7169BA828D7F /* Pods_TradyTests.framework */,
			);
			name = Frameworks;
			sourceTree = "<group>";
		};
		B73A74D759FB3D7979F3801C /* Pods */ = {
			isa = PBXGroup;
			children = (
				09EA7BEE3898696444147CB6 /* Pods-Trady.debug.xcconfig */,
				E0C19B4823882085D8508280 /* Pods-Trady.release.xcconfig */,
				D89A31F2CCA6F277E20BB2E3 /* Pods-Trady-TradyUITests.debug.xcconfig */,
				7E8021374B776390750B5C02 /* Pods-Trady-TradyUITests.release.xcconfig */,
				A58ADF1C2E986D4FCB36BB04 /* Pods-TradyTests.debug.xcconfig */,
				9AE7E3C759F350F327670ACD /* Pods-TradyTests.release.xcconfig */,
			);
			path = Pods;
			sourceTree = "<group>";
		};
		C95C402F25C33B0C00B40E3A /* Network */ = {
			isa = PBXGroup;
			children = (
				C96C5E9425CEB361003C075E /* Utils */,
				C95C403025C33B1900B40E3A /* Services */,
				CE3781EA25ECF80200310E2B /* Network.swift */,
			);
			path = Network;
			sourceTree = "<group>";
		};
		C95C403025C33B1900B40E3A /* Services */ = {
			isa = PBXGroup;
			children = (
				CE75BEAA26DB6C9D009E5032 /* Feed */,
				C95C403225C33B2F00B40E3A /* Login */,
				CE75BEBA26DB80A5009E5032 /* TradyApi.swift */,
			);
			path = Services;
			sourceTree = "<group>";
		};
		C95C403225C33B2F00B40E3A /* Login */ = {
			isa = PBXGroup;
			children = (
				C96C5E8E25CEAE79003C075E /* Proxy */,
				C95C403325C33B4300B40E3A /* LoginServiceProtocol.swift */,
				C95C403B25C33B6A00B40E3A /* LoginService.swift */,
				C97A228C25D008CB0021893D /* AuthServiceProtocol.swift */,
				C97A229125D008F60021893D /* AuthService.swift */,
			);
			path = Login;
			sourceTree = "<group>";
		};
		C967AED225BC3E6000A7710F = {
			isa = PBXGroup;
			children = (
				C967AEDD25BC3E6000A7710F /* Trady */,
				C967AEEF25BC3E6200A7710F /* TradyTests */,
				C967AEFA25BC3E6200A7710F /* TradyUITests */,
				C967AEDC25BC3E6000A7710F /* Products */,
				B73A74D759FB3D7979F3801C /* Pods */,
				4B016228170F8A3B3AD38F37 /* Frameworks */,
			);
			sourceTree = "<group>";
		};
		C967AEDC25BC3E6000A7710F /* Products */ = {
			isa = PBXGroup;
			children = (
				C967AEDB25BC3E6000A7710F /* Trady.app */,
				C967AEEC25BC3E6200A7710F /* TradyTests.xctest */,
				C967AEF725BC3E6200A7710F /* TradyUITests.xctest */,
			);
			name = Products;
			sourceTree = "<group>";
		};
		C967AEDD25BC3E6000A7710F /* Trady */ = {
			isa = PBXGroup;
			children = (
				C96896C525D5966A0045A35C /* Trady.entitlements */,
				C95C402F25C33B0C00B40E3A /* Network */,
				C98FAF0725BF10F000709042 /* Testing */,
				C9B5E2DB25BD717B0024678D /* Screens */,
				C9B5E2CF25BC74ED0024678D /* SupportingFiles */,
				C967AEE225BC3E6200A7710F /* Assets.xcassets */,
				C967AEE725BC3E6200A7710F /* Info.plist */,
				C967AEE425BC3E6200A7710F /* Preview Content */,
			);
			path = Trady;
			sourceTree = "<group>";
		};
		C967AEE425BC3E6200A7710F /* Preview Content */ = {
			isa = PBXGroup;
			children = (
				C967AEE525BC3E6200A7710F /* Preview Assets.xcassets */,
			);
			path = "Preview Content";
			sourceTree = "<group>";
		};
		C967AEEF25BC3E6200A7710F /* TradyTests */ = {
			isa = PBXGroup;
			children = (
				C967AEF025BC3E6200A7710F /* TradyTests.swift */,
				C967AEF225BC3E6200A7710F /* Info.plist */,
			);
			path = TradyTests;
			sourceTree = "<group>";
		};
		C967AEFA25BC3E6200A7710F /* TradyUITests */ = {
			isa = PBXGroup;
			children = (
				C967AEFB25BC3E6200A7710F /* TradyUITests.swift */,
				C967AEFD25BC3E6200A7710F /* Info.plist */,
			);
			path = TradyUITests;
			sourceTree = "<group>";
		};
		C96C5E8E25CEAE79003C075E /* Proxy */ = {
			isa = PBXGroup;
			children = (
				C96C5E8F25CEAEAB003C075E /* GoogleSignInProxy.swift */,
				C96896C025D58B1A0045A35C /* AppleSignInProxy.swift */,
			);
			path = Proxy;
			sourceTree = "<group>";
		};
		C96C5E9425CEB361003C075E /* Utils */ = {
			isa = PBXGroup;
			children = (
				CE3781E425ECF75300310E2B /* Firebase */,
				C96C5E9525CEB377003C075E /* URLSessionProtocol.swift */,
				C96C5E9D25CEB389003C075E /* URLSessionTaskProtocol.swift */,
				C96C5EA225CEB403003C075E /* URLRequestProtocol.swift */,
				C96C5EA825CEB434003C075E /* URLResponseProtocol.swift */,
				C96C5EB025CEB461003C075E /* HTTPStatusCode.swift */,
				C97A228725CFFFEB0021893D /* APIError.swift */,
			);
			path = Utils;
			sourceTree = "<group>";
		};
		C98FAF0725BF10F000709042 /* Testing */ = {
			isa = PBXGroup;
			children = (
				C98FAF0825BF110E00709042 /* SwiftUIView.swift */,
			);
			path = Testing;
			sourceTree = "<group>";
		};
		C9B5E2CF25BC74ED0024678D /* SupportingFiles */ = {
			isa = PBXGroup;
			children = (
				CEACBD0126F64E39004B9C48 /* Extensions */,
				CE11123726A5C95A002021DF /* EventHandler */,
				CE37820F25ED4E6F00310E2B /* AppPhaseManager */,
				C967AEDE25BC3E6000A7710F /* TradyApp.swift */,
				C9B5E2D025BC750C0024678D /* SpoqaHanSansBold.ttf */,
				C9B5E2D125BC750C0024678D /* SpoqaHanSansLight.ttf */,
				C9B5E2D325BC750E0024678D /* SpoqaHanSansRegular.ttf */,
				C9B5E2D225BC750D0024678D /* SpoqaHanSansThin.ttf */,
				C9CDB86125C1DAA400F874CE /* GoogleService-Info.plist */,
				C96C5E8925CEA6F9003C075E /* AppDelegate.swift */,
				C96896C925D6D93C0045A35C /* ViewModelType.swift */,
				C96896CE25D6F1050045A35C /* SubscriptionBag.swift */,
				CE11122826A5B7DC002021DF /* Colors.swift */,
			);
			path = SupportingFiles;
			sourceTree = "<group>";
		};
		C9B5E2DB25BD717B0024678D /* Screens */ = {
			isa = PBXGroup;
			children = (
				CE3B063526E517DF0043B97D /* UIHelper */,
				C9B821FB25BE407F00AEE7CD /* My */,
				C9B821FA25BE407900AEE7CD /* Chat */,
				C9B821F925BE407400AEE7CD /* Alarm */,
				C9B5E2E125BD721F0024678D /* Feed */,
				C9B5E2DD25BD719D0024678D /* Main */,
				C9B5E2DC25BD718C0024678D /* Login */,
			);
			path = Screens;
			sourceTree = "<group>";
		};
		C9B5E2DC25BD718C0024678D /* Login */ = {
			isa = PBXGroup;
			children = (
				C9CDB85B25C1D98200F874CE /* Models */,
				C9CDB85225C1D94000F874CE /* ViewModels */,
				C9CDB84E25C1D93A00F874CE /* Views */,
			);
			path = Login;
			sourceTree = "<group>";
		};
		C9B5E2DD25BD719D0024678D /* Main */ = {
			isa = PBXGroup;
			children = (
				C9B5E2E225BD72450024678D /* MainTabView.swift */,
				C912D17225C094C8005CA7A5 /* EnteringView.swift */,
			);
			path = Main;
			sourceTree = "<group>";
		};
		C9B5E2E125BD721F0024678D /* Feed */ = {
			isa = PBXGroup;
			children = (
				CE11120D26A0853E002021DF /* ViewModels */,
				C9B821F425BE406A00AEE7CD /* FeedView.swift */,
				CE11122326A08742002021DF /* FeedCellView.swift */,
				CE11122D26A5C5B2002021DF /* FeedWriteView.swift */,
				CEACBCFD26F63FAA004B9C48 /* FeedTagSelectionView.swift */,
			);
			path = Feed;
			sourceTree = "<group>";
		};
		C9B821F925BE407400AEE7CD /* Alarm */ = {
			isa = PBXGroup;
			children = (
				C9B821FC25BE409200AEE7CD /* AlarmView.swift */,
			);
			path = Alarm;
			sourceTree = "<group>";
		};
		C9B821FA25BE407900AEE7CD /* Chat */ = {
			isa = PBXGroup;
			children = (
				CE37821A25ED534600310E2B /* Models */,
				C9B8220725BE422D00AEE7CD /* ChatView.swift */,
				CE37821525ED52F100310E2B /* ChatBubbleView.swift */,
			);
			path = Chat;
			sourceTree = "<group>";
		};
		C9B821FB25BE407F00AEE7CD /* My */ = {
			isa = PBXGroup;
			children = (
				C9B8220C25BE423400AEE7CD /* MyView.swift */,
			);
			path = My;
			sourceTree = "<group>";
		};
		C9CDB84E25C1D93A00F874CE /* Views */ = {
			isa = PBXGroup;
			children = (
				C967AEE025BC3E6000A7710F /* LoginContentView.swift */,
			);
			path = Views;
			sourceTree = "<group>";
		};
		C9CDB85225C1D94000F874CE /* ViewModels */ = {
			isa = PBXGroup;
			children = (
				C9CDB85325C1D95A00F874CE /* LoginViewModel.swift */,
			);
			path = ViewModels;
			sourceTree = "<group>";
		};
		C9CDB85B25C1D98200F874CE /* Models */ = {
			isa = PBXGroup;
			children = (
				C9CDB85C25C1D99100F874CE /* LoginType.swift */,
				C95C402A25C1E39800B40E3A /* LoginViewModifiers.swift */,
				C95C404025C33D2F00B40E3A /* LoginForm.swift */,
			);
			path = Models;
			sourceTree = "<group>";
		};
		CE11120D26A0853E002021DF /* ViewModels */ = {
			isa = PBXGroup;
			children = (
				CE11120E26A08553002021DF /* FeedViewModel.swift */,
				CE11121626A08595002021DF /* FeedCellViewModel.swift */,
				CE11123226A5C850002021DF /* FeedWriteViewModel.swift */,
				CEACBCFF26F63FCF004B9C48 /* FeedTagSelectionViewModel.swift */,
			);
			path = ViewModels;
			sourceTree = "<group>";
		};
		CE11123726A5C95A002021DF /* EventHandler */ = {
			isa = PBXGroup;
			children = (
				CE11123826A5C971002021DF /* EventHandler.swift */,
			);
			path = EventHandler;
			sourceTree = "<group>";
		};
		CE3781E425ECF75300310E2B /* Firebase */ = {
			isa = PBXGroup;
			children = (
				CE3781E525ECF77100310E2B /* FirebaseRequest.swift */,
				CE37820A25ECFCDE00310E2B /* FireStoreServer.swift */,
			);
			path = Firebase;
			sourceTree = "<group>";
		};
		CE37820F25ED4E6F00310E2B /* AppPhaseManager */ = {
			isa = PBXGroup;
			children = (
				CE37821025ED4E7D00310E2B /* AppPhaseManager.swift */,
			);
			path = AppPhaseManager;
			sourceTree = "<group>";
		};
		CE37821A25ED534600310E2B /* Models */ = {
			isa = PBXGroup;
			children = (
				CE37821B25ED536800310E2B /* ChatBubblePosition.swift */,
			);
			path = Models;
			sourceTree = "<group>";
		};
		CE3B063526E517DF0043B97D /* UIHelper */ = {
			isa = PBXGroup;
			children = (
				CE3B063626E518FE0043B97D /* SelfSizingTextEditor.swift */,
			);
			path = UIHelper;
			sourceTree = "<group>";
		};
		CE75BEAA26DB6C9D009E5032 /* Feed */ = {
			isa = PBXGroup;
			children = (
				CE75BEAB26DB6CA7009E5032 /* FeedService.swift */,
				CE75BEB026DB6CC0009E5032 /* FeedServiceProtocol.swift */,
				CE75BEB526DB7DC3009E5032 /* Post.swift */,
				CEACBCF726F4B8E1004B9C48 /* LocationService.swift */,
				CEACBCF926F4C048004B9C48 /* LocationTag.swift */,
				CEACBCFB26F4C94E004B9C48 /* LocationServiceProtocol.swift */,
			);
			path = Feed;
			sourceTree = "<group>";
		};
		CEACBD0126F64E39004B9C48 /* Extensions */ = {
			isa = PBXGroup;
			children = (
				CEACBD0226F64E48004B9C48 /* Array+.swift */,
			);
			path = Extensions;
			sourceTree = "<group>";
		};
/* End PBXGroup section */

/* Begin PBXNativeTarget section */
		C967AEDA25BC3E6000A7710F /* Trady */ = {
			isa = PBXNativeTarget;
			buildConfigurationList = C967AF0025BC3E6200A7710F /* Build configuration list for PBXNativeTarget "Trady" */;
			buildPhases = (
				6B41FA83F0AAFF0B370684F8 /* [CP] Check Pods Manifest.lock */,
				C967AED725BC3E6000A7710F /* Sources */,
				C967AED825BC3E6000A7710F /* Frameworks */,
				C967AED925BC3E6000A7710F /* Resources */,
				B33963A479E1B05C0958B086 /* [CP] Embed Pods Frameworks */,
				085584EA0C2D3DFD06D8A570 /* [CP] Copy Pods Resources */,
			);
			buildRules = (
			);
			dependencies = (
			);
			name = Trady;
			packageProductDependencies = (
				CEACBD0526F652C3004B9C48 /* SwiftUIFlowLayout */,
			);
			productName = Trady;
			productReference = C967AEDB25BC3E6000A7710F /* Trady.app */;
			productType = "com.apple.product-type.application";
		};
		C967AEEB25BC3E6200A7710F /* TradyTests */ = {
			isa = PBXNativeTarget;
			buildConfigurationList = C967AF0325BC3E6200A7710F /* Build configuration list for PBXNativeTarget "TradyTests" */;
			buildPhases = (
				537C6B2F42BA989E5825C4C0 /* [CP] Check Pods Manifest.lock */,
				C967AEE825BC3E6200A7710F /* Sources */,
				C967AEE925BC3E6200A7710F /* Frameworks */,
				C967AEEA25BC3E6200A7710F /* Resources */,
			);
			buildRules = (
			);
			dependencies = (
				C967AEEE25BC3E6200A7710F /* PBXTargetDependency */,
			);
			name = TradyTests;
			productName = TradyTests;
			productReference = C967AEEC25BC3E6200A7710F /* TradyTests.xctest */;
			productType = "com.apple.product-type.bundle.unit-test";
		};
		C967AEF625BC3E6200A7710F /* TradyUITests */ = {
			isa = PBXNativeTarget;
			buildConfigurationList = C967AF0625BC3E6200A7710F /* Build configuration list for PBXNativeTarget "TradyUITests" */;
			buildPhases = (
				C592976824E33556B88B9868 /* [CP] Check Pods Manifest.lock */,
				C967AEF325BC3E6200A7710F /* Sources */,
				C967AEF425BC3E6200A7710F /* Frameworks */,
				C967AEF525BC3E6200A7710F /* Resources */,
				914A6D6934EC06108F08FB1F /* [CP] Embed Pods Frameworks */,
				61BF9BC233B426645F74D55E /* [CP] Copy Pods Resources */,
			);
			buildRules = (
			);
			dependencies = (
				C967AEF925BC3E6200A7710F /* PBXTargetDependency */,
			);
			name = TradyUITests;
			productName = TradyUITests;
			productReference = C967AEF725BC3E6200A7710F /* TradyUITests.xctest */;
			productType = "com.apple.product-type.bundle.ui-testing";
		};
/* End PBXNativeTarget section */

/* Begin PBXProject section */
		C967AED325BC3E6000A7710F /* Project object */ = {
			isa = PBXProject;
			attributes = {
				LastSwiftUpdateCheck = 1230;
				LastUpgradeCheck = 1230;
				TargetAttributes = {
					C967AEDA25BC3E6000A7710F = {
						CreatedOnToolsVersion = 12.3;
					};
					C967AEEB25BC3E6200A7710F = {
						CreatedOnToolsVersion = 12.3;
						TestTargetID = C967AEDA25BC3E6000A7710F;
					};
					C967AEF625BC3E6200A7710F = {
						CreatedOnToolsVersion = 12.3;
						TestTargetID = C967AEDA25BC3E6000A7710F;
					};
				};
			};
			buildConfigurationList = C967AED625BC3E6000A7710F /* Build configuration list for PBXProject "Trady" */;
			compatibilityVersion = "Xcode 9.3";
			developmentRegion = en;
			hasScannedForEncodings = 0;
			knownRegions = (
				en,
				Base,
			);
			mainGroup = C967AED225BC3E6000A7710F;
			packageReferences = (
				CEACBD0426F652C3004B9C48 /* XCRemoteSwiftPackageReference "swiftui-flow-layout" */,
			);
			productRefGroup = C967AEDC25BC3E6000A7710F /* Products */;
			projectDirPath = "";
			projectRoot = "";
			targets = (
				C967AEDA25BC3E6000A7710F /* Trady */,
				C967AEEB25BC3E6200A7710F /* TradyTests */,
				C967AEF625BC3E6200A7710F /* TradyUITests */,
			);
		};
/* End PBXProject section */

/* Begin PBXResourcesBuildPhase section */
		C967AED925BC3E6000A7710F /* Resources */ = {
			isa = PBXResourcesBuildPhase;
			buildActionMask = 2147483647;
			files = (
				C967AEE625BC3E6200A7710F /* Preview Assets.xcassets in Resources */,
				C9B5E2D725BC750E0024678D /* SpoqaHanSansRegular.ttf in Resources */,
				C9B5E2D525BC750E0024678D /* SpoqaHanSansLight.ttf in Resources */,
				C967AEE325BC3E6200A7710F /* Assets.xcassets in Resources */,
				C9B5E2D425BC750E0024678D /* SpoqaHanSansBold.ttf in Resources */,
				C9B5E2D625BC750E0024678D /* SpoqaHanSansThin.ttf in Resources */,
				C9CDB86225C1DAA400F874CE /* GoogleService-Info.plist in Resources */,
			);
			runOnlyForDeploymentPostprocessing = 0;
		};
		C967AEEA25BC3E6200A7710F /* Resources */ = {
			isa = PBXResourcesBuildPhase;
			buildActionMask = 2147483647;
			files = (
			);
			runOnlyForDeploymentPostprocessing = 0;
		};
		C967AEF525BC3E6200A7710F /* Resources */ = {
			isa = PBXResourcesBuildPhase;
			buildActionMask = 2147483647;
			files = (
			);
			runOnlyForDeploymentPostprocessing = 0;
		};
/* End PBXResourcesBuildPhase section */

/* Begin PBXShellScriptBuildPhase section */
		085584EA0C2D3DFD06D8A570 /* [CP] Copy Pods Resources */ = {
			isa = PBXShellScriptBuildPhase;
			buildActionMask = 2147483647;
			files = (
			);
			inputFileListPaths = (
				"${PODS_ROOT}/Target Support Files/Pods-Trady/Pods-Trady-resources-${CONFIGURATION}-input-files.xcfilelist",
			);
			name = "[CP] Copy Pods Resources";
			outputFileListPaths = (
				"${PODS_ROOT}/Target Support Files/Pods-Trady/Pods-Trady-resources-${CONFIGURATION}-output-files.xcfilelist",
			);
			runOnlyForDeploymentPostprocessing = 0;
			shellPath = /bin/sh;
			shellScript = "\"${PODS_ROOT}/Target Support Files/Pods-Trady/Pods-Trady-resources.sh\"\n";
			showEnvVarsInLog = 0;
		};
		537C6B2F42BA989E5825C4C0 /* [CP] Check Pods Manifest.lock */ = {
			isa = PBXShellScriptBuildPhase;
			buildActionMask = 2147483647;
			files = (
			);
			inputFileListPaths = (
			);
			inputPaths = (
				"${PODS_PODFILE_DIR_PATH}/Podfile.lock",
				"${PODS_ROOT}/Manifest.lock",
			);
			name = "[CP] Check Pods Manifest.lock";
			outputFileListPaths = (
			);
			outputPaths = (
				"$(DERIVED_FILE_DIR)/Pods-TradyTests-checkManifestLockResult.txt",
			);
			runOnlyForDeploymentPostprocessing = 0;
			shellPath = /bin/sh;
			shellScript = "diff \"${PODS_PODFILE_DIR_PATH}/Podfile.lock\" \"${PODS_ROOT}/Manifest.lock\" > /dev/null\nif [ $? != 0 ] ; then\n    # print error to STDERR\n    echo \"error: The sandbox is not in sync with the Podfile.lock. Run 'pod install' or update your CocoaPods installation.\" >&2\n    exit 1\nfi\n# This output is used by Xcode 'outputs' to avoid re-running this script phase.\necho \"SUCCESS\" > \"${SCRIPT_OUTPUT_FILE_0}\"\n";
			showEnvVarsInLog = 0;
		};
		61BF9BC233B426645F74D55E /* [CP] Copy Pods Resources */ = {
			isa = PBXShellScriptBuildPhase;
			buildActionMask = 2147483647;
			files = (
			);
			inputFileListPaths = (
				"${PODS_ROOT}/Target Support Files/Pods-Trady-TradyUITests/Pods-Trady-TradyUITests-resources-${CONFIGURATION}-input-files.xcfilelist",
			);
			name = "[CP] Copy Pods Resources";
			outputFileListPaths = (
				"${PODS_ROOT}/Target Support Files/Pods-Trady-TradyUITests/Pods-Trady-TradyUITests-resources-${CONFIGURATION}-output-files.xcfilelist",
			);
			runOnlyForDeploymentPostprocessing = 0;
			shellPath = /bin/sh;
			shellScript = "\"${PODS_ROOT}/Target Support Files/Pods-Trady-TradyUITests/Pods-Trady-TradyUITests-resources.sh\"\n";
			showEnvVarsInLog = 0;
		};
		6B41FA83F0AAFF0B370684F8 /* [CP] Check Pods Manifest.lock */ = {
			isa = PBXShellScriptBuildPhase;
			buildActionMask = 2147483647;
			files = (
			);
			inputFileListPaths = (
			);
			inputPaths = (
				"${PODS_PODFILE_DIR_PATH}/Podfile.lock",
				"${PODS_ROOT}/Manifest.lock",
			);
			name = "[CP] Check Pods Manifest.lock";
			outputFileListPaths = (
			);
			outputPaths = (
				"$(DERIVED_FILE_DIR)/Pods-Trady-checkManifestLockResult.txt",
			);
			runOnlyForDeploymentPostprocessing = 0;
			shellPath = /bin/sh;
			shellScript = "diff \"${PODS_PODFILE_DIR_PATH}/Podfile.lock\" \"${PODS_ROOT}/Manifest.lock\" > /dev/null\nif [ $? != 0 ] ; then\n    # print error to STDERR\n    echo \"error: The sandbox is not in sync with the Podfile.lock. Run 'pod install' or update your CocoaPods installation.\" >&2\n    exit 1\nfi\n# This output is used by Xcode 'outputs' to avoid re-running this script phase.\necho \"SUCCESS\" > \"${SCRIPT_OUTPUT_FILE_0}\"\n";
			showEnvVarsInLog = 0;
		};
		914A6D6934EC06108F08FB1F /* [CP] Embed Pods Frameworks */ = {
			isa = PBXShellScriptBuildPhase;
			buildActionMask = 2147483647;
			files = (
			);
			inputFileListPaths = (
				"${PODS_ROOT}/Target Support Files/Pods-Trady-TradyUITests/Pods-Trady-TradyUITests-frameworks-${CONFIGURATION}-input-files.xcfilelist",
			);
			name = "[CP] Embed Pods Frameworks";
			outputFileListPaths = (
				"${PODS_ROOT}/Target Support Files/Pods-Trady-TradyUITests/Pods-Trady-TradyUITests-frameworks-${CONFIGURATION}-output-files.xcfilelist",
			);
			runOnlyForDeploymentPostprocessing = 0;
			shellPath = /bin/sh;
			shellScript = "\"${PODS_ROOT}/Target Support Files/Pods-Trady-TradyUITests/Pods-Trady-TradyUITests-frameworks.sh\"\n";
			showEnvVarsInLog = 0;
		};
		B33963A479E1B05C0958B086 /* [CP] Embed Pods Frameworks */ = {
			isa = PBXShellScriptBuildPhase;
			buildActionMask = 2147483647;
			files = (
			);
			inputFileListPaths = (
				"${PODS_ROOT}/Target Support Files/Pods-Trady/Pods-Trady-frameworks-${CONFIGURATION}-input-files.xcfilelist",
			);
			name = "[CP] Embed Pods Frameworks";
			outputFileListPaths = (
				"${PODS_ROOT}/Target Support Files/Pods-Trady/Pods-Trady-frameworks-${CONFIGURATION}-output-files.xcfilelist",
			);
			runOnlyForDeploymentPostprocessing = 0;
			shellPath = /bin/sh;
			shellScript = "\"${PODS_ROOT}/Target Support Files/Pods-Trady/Pods-Trady-frameworks.sh\"\n";
			showEnvVarsInLog = 0;
		};
		C592976824E33556B88B9868 /* [CP] Check Pods Manifest.lock */ = {
			isa = PBXShellScriptBuildPhase;
			buildActionMask = 2147483647;
			files = (
			);
			inputFileListPaths = (
			);
			inputPaths = (
				"${PODS_PODFILE_DIR_PATH}/Podfile.lock",
				"${PODS_ROOT}/Manifest.lock",
			);
			name = "[CP] Check Pods Manifest.lock";
			outputFileListPaths = (
			);
			outputPaths = (
				"$(DERIVED_FILE_DIR)/Pods-Trady-TradyUITests-checkManifestLockResult.txt",
			);
			runOnlyForDeploymentPostprocessing = 0;
			shellPath = /bin/sh;
			shellScript = "diff \"${PODS_PODFILE_DIR_PATH}/Podfile.lock\" \"${PODS_ROOT}/Manifest.lock\" > /dev/null\nif [ $? != 0 ] ; then\n    # print error to STDERR\n    echo \"error: The sandbox is not in sync with the Podfile.lock. Run 'pod install' or update your CocoaPods installation.\" >&2\n    exit 1\nfi\n# This output is used by Xcode 'outputs' to avoid re-running this script phase.\necho \"SUCCESS\" > \"${SCRIPT_OUTPUT_FILE_0}\"\n";
			showEnvVarsInLog = 0;
		};
/* End PBXShellScriptBuildPhase section */

/* Begin PBXSourcesBuildPhase section */
		C967AED725BC3E6000A7710F /* Sources */ = {
			isa = PBXSourcesBuildPhase;
			buildActionMask = 2147483647;
			files = (
				CE11120F26A08553002021DF /* FeedViewModel.swift in Sources */,
				C96C5E9625CEB377003C075E /* URLSessionProtocol.swift in Sources */,
				CE11121726A08595002021DF /* FeedCellViewModel.swift in Sources */,
				CE37820B25ECFCDE00310E2B /* FireStoreServer.swift in Sources */,
				C97A228D25D008CB0021893D /* AuthServiceProtocol.swift in Sources */,
				C9B8220D25BE423400AEE7CD /* MyView.swift in Sources */,
				C9B821F525BE406A00AEE7CD /* FeedView.swift in Sources */,
				C98FAF0925BF110E00709042 /* SwiftUIView.swift in Sources */,
				C967AEE125BC3E6000A7710F /* LoginContentView.swift in Sources */,
				C967AEDF25BC3E6000A7710F /* TradyApp.swift in Sources */,
				C97A229225D008F60021893D /* AuthService.swift in Sources */,
				CE75BEB126DB6CC0009E5032 /* FeedServiceProtocol.swift in Sources */,
				C96C5E9E25CEB389003C075E /* URLSessionTaskProtocol.swift in Sources */,
				CEACBD0326F64E48004B9C48 /* Array+.swift in Sources */,
				C912D17325C094C8005CA7A5 /* EnteringView.swift in Sources */,
				C96C5EB125CEB461003C075E /* HTTPStatusCode.swift in Sources */,
				C9B5E2E325BD72450024678D /* MainTabView.swift in Sources */,
				C9B8220825BE422D00AEE7CD /* ChatView.swift in Sources */,
				CEACBCFA26F4C048004B9C48 /* LocationTag.swift in Sources */,
				CE3781E625ECF77100310E2B /* FirebaseRequest.swift in Sources */,
				C97A228825CFFFEB0021893D /* APIError.swift in Sources */,
				C96C5E8A25CEA6F9003C075E /* AppDelegate.swift in Sources */,
				C96896C125D58B1A0045A35C /* AppleSignInProxy.swift in Sources */,
				CE3B063726E518FE0043B97D /* SelfSizingTextEditor.swift in Sources */,
				C9CDB85425C1D95A00F874CE /* LoginViewModel.swift in Sources */,
				C95C402B25C1E39800B40E3A /* LoginViewModifiers.swift in Sources */,
				CE75BEB626DB7DC3009E5032 /* Post.swift in Sources */,
				CE11122426A08742002021DF /* FeedCellView.swift in Sources */,
				CE75BEAC26DB6CA7009E5032 /* FeedService.swift in Sources */,
				C96C5EA325CEB403003C075E /* URLRequestProtocol.swift in Sources */,
				CE37821625ED52F100310E2B /* ChatBubbleView.swift in Sources */,
				CE3781EB25ECF80200310E2B /* Network.swift in Sources */,
				C96C5EA925CEB434003C075E /* URLResponseProtocol.swift in Sources */,
				C95C404125C33D2F00B40E3A /* LoginForm.swift in Sources */,
				C9CDB85D25C1D99100F874CE /* LoginType.swift in Sources */,
				CEACBD0026F63FCF004B9C48 /* FeedTagSelectionViewModel.swift in Sources */,
				CEACBCFE26F63FAA004B9C48 /* FeedTagSelectionView.swift in Sources */,
				CEACBCFC26F4C94E004B9C48 /* LocationServiceProtocol.swift in Sources */,
				C95C403425C33B4300B40E3A /* LoginServiceProtocol.swift in Sources */,
				CEACBCF826F4B8E1004B9C48 /* LocationService.swift in Sources */,
				C96C5E9025CEAEAB003C075E /* GoogleSignInProxy.swift in Sources */,
				CE11122E26A5C5B3002021DF /* FeedWriteView.swift in Sources */,
				CE11122926A5B7DC002021DF /* Colors.swift in Sources */,
				CE37821C25ED536800310E2B /* ChatBubblePosition.swift in Sources */,
				CE75BEBB26DB80A5009E5032 /* TradyApi.swift in Sources */,
				C9B821FD25BE409200AEE7CD /* AlarmView.swift in Sources */,
				C95C403C25C33B6A00B40E3A /* LoginService.swift in Sources */,
				CE11123926A5C971002021DF /* EventHandler.swift in Sources */,
				CE37821125ED4E7D00310E2B /* AppPhaseManager.swift in Sources */,
				C96896CF25D6F1050045A35C /* SubscriptionBag.swift in Sources */,
				CE11123326A5C850002021DF /* FeedWriteViewModel.swift in Sources */,
				C96896CA25D6D93C0045A35C /* ViewModelType.swift in Sources */,
			);
			runOnlyForDeploymentPostprocessing = 0;
		};
		C967AEE825BC3E6200A7710F /* Sources */ = {
			isa = PBXSourcesBuildPhase;
			buildActionMask = 2147483647;
			files = (
				C967AEF125BC3E6200A7710F /* TradyTests.swift in Sources */,
			);
			runOnlyForDeploymentPostprocessing = 0;
		};
		C967AEF325BC3E6200A7710F /* Sources */ = {
			isa = PBXSourcesBuildPhase;
			buildActionMask = 2147483647;
			files = (
				C967AEFC25BC3E6200A7710F /* TradyUITests.swift in Sources */,
			);
			runOnlyForDeploymentPostprocessing = 0;
		};
/* End PBXSourcesBuildPhase section */

/* Begin PBXTargetDependency section */
		C967AEEE25BC3E6200A7710F /* PBXTargetDependency */ = {
			isa = PBXTargetDependency;
			target = C967AEDA25BC3E6000A7710F /* Trady */;
			targetProxy = C967AEED25BC3E6200A7710F /* PBXContainerItemProxy */;
		};
		C967AEF925BC3E6200A7710F /* PBXTargetDependency */ = {
			isa = PBXTargetDependency;
			target = C967AEDA25BC3E6000A7710F /* Trady */;
			targetProxy = C967AEF825BC3E6200A7710F /* PBXContainerItemProxy */;
		};
/* End PBXTargetDependency section */

/* Begin XCBuildConfiguration section */
		C967AEFE25BC3E6200A7710F /* Debug */ = {
			isa = XCBuildConfiguration;
			buildSettings = {
				ALWAYS_SEARCH_USER_PATHS = NO;
				CLANG_ANALYZER_NONNULL = YES;
				CLANG_ANALYZER_NUMBER_OBJECT_CONVERSION = YES_AGGRESSIVE;
				CLANG_CXX_LANGUAGE_STANDARD = "gnu++14";
				CLANG_CXX_LIBRARY = "libc++";
				CLANG_ENABLE_MODULES = YES;
				CLANG_ENABLE_OBJC_ARC = YES;
				CLANG_ENABLE_OBJC_WEAK = YES;
				CLANG_WARN_BLOCK_CAPTURE_AUTORELEASING = YES;
				CLANG_WARN_BOOL_CONVERSION = YES;
				CLANG_WARN_COMMA = YES;
				CLANG_WARN_CONSTANT_CONVERSION = YES;
				CLANG_WARN_DEPRECATED_OBJC_IMPLEMENTATIONS = YES;
				CLANG_WARN_DIRECT_OBJC_ISA_USAGE = YES_ERROR;
				CLANG_WARN_DOCUMENTATION_COMMENTS = YES;
				CLANG_WARN_EMPTY_BODY = YES;
				CLANG_WARN_ENUM_CONVERSION = YES;
				CLANG_WARN_INFINITE_RECURSION = YES;
				CLANG_WARN_INT_CONVERSION = YES;
				CLANG_WARN_NON_LITERAL_NULL_CONVERSION = YES;
				CLANG_WARN_OBJC_IMPLICIT_RETAIN_SELF = YES;
				CLANG_WARN_OBJC_LITERAL_CONVERSION = YES;
				CLANG_WARN_OBJC_ROOT_CLASS = YES_ERROR;
				CLANG_WARN_QUOTED_INCLUDE_IN_FRAMEWORK_HEADER = YES;
				CLANG_WARN_RANGE_LOOP_ANALYSIS = YES;
				CLANG_WARN_STRICT_PROTOTYPES = YES;
				CLANG_WARN_SUSPICIOUS_MOVE = YES;
				CLANG_WARN_UNGUARDED_AVAILABILITY = YES_AGGRESSIVE;
				CLANG_WARN_UNREACHABLE_CODE = YES;
				CLANG_WARN__DUPLICATE_METHOD_MATCH = YES;
				COPY_PHASE_STRIP = NO;
				DEBUG_INFORMATION_FORMAT = dwarf;
				ENABLE_STRICT_OBJC_MSGSEND = YES;
				ENABLE_TESTABILITY = YES;
				GCC_C_LANGUAGE_STANDARD = gnu11;
				GCC_DYNAMIC_NO_PIC = NO;
				GCC_NO_COMMON_BLOCKS = YES;
				GCC_OPTIMIZATION_LEVEL = 0;
				GCC_PREPROCESSOR_DEFINITIONS = (
					"DEBUG=1",
					"$(inherited)",
				);
				GCC_WARN_64_TO_32_BIT_CONVERSION = YES;
				GCC_WARN_ABOUT_RETURN_TYPE = YES_ERROR;
				GCC_WARN_UNDECLARED_SELECTOR = YES;
				GCC_WARN_UNINITIALIZED_AUTOS = YES_AGGRESSIVE;
				GCC_WARN_UNUSED_FUNCTION = YES;
				GCC_WARN_UNUSED_VARIABLE = YES;
				IPHONEOS_DEPLOYMENT_TARGET = 14.3;
				MTL_ENABLE_DEBUG_INFO = INCLUDE_SOURCE;
				MTL_FAST_MATH = YES;
				ONLY_ACTIVE_ARCH = YES;
				SDKROOT = iphoneos;
				SWIFT_ACTIVE_COMPILATION_CONDITIONS = DEBUG;
				SWIFT_OPTIMIZATION_LEVEL = "-Onone";
			};
			name = Debug;
		};
		C967AEFF25BC3E6200A7710F /* Release */ = {
			isa = XCBuildConfiguration;
			buildSettings = {
				ALWAYS_SEARCH_USER_PATHS = NO;
				CLANG_ANALYZER_NONNULL = YES;
				CLANG_ANALYZER_NUMBER_OBJECT_CONVERSION = YES_AGGRESSIVE;
				CLANG_CXX_LANGUAGE_STANDARD = "gnu++14";
				CLANG_CXX_LIBRARY = "libc++";
				CLANG_ENABLE_MODULES = YES;
				CLANG_ENABLE_OBJC_ARC = YES;
				CLANG_ENABLE_OBJC_WEAK = YES;
				CLANG_WARN_BLOCK_CAPTURE_AUTORELEASING = YES;
				CLANG_WARN_BOOL_CONVERSION = YES;
				CLANG_WARN_COMMA = YES;
				CLANG_WARN_CONSTANT_CONVERSION = YES;
				CLANG_WARN_DEPRECATED_OBJC_IMPLEMENTATIONS = YES;
				CLANG_WARN_DIRECT_OBJC_ISA_USAGE = YES_ERROR;
				CLANG_WARN_DOCUMENTATION_COMMENTS = YES;
				CLANG_WARN_EMPTY_BODY = YES;
				CLANG_WARN_ENUM_CONVERSION = YES;
				CLANG_WARN_INFINITE_RECURSION = YES;
				CLANG_WARN_INT_CONVERSION = YES;
				CLANG_WARN_NON_LITERAL_NULL_CONVERSION = YES;
				CLANG_WARN_OBJC_IMPLICIT_RETAIN_SELF = YES;
				CLANG_WARN_OBJC_LITERAL_CONVERSION = YES;
				CLANG_WARN_OBJC_ROOT_CLASS = YES_ERROR;
				CLANG_WARN_QUOTED_INCLUDE_IN_FRAMEWORK_HEADER = YES;
				CLANG_WARN_RANGE_LOOP_ANALYSIS = YES;
				CLANG_WARN_STRICT_PROTOTYPES = YES;
				CLANG_WARN_SUSPICIOUS_MOVE = YES;
				CLANG_WARN_UNGUARDED_AVAILABILITY = YES_AGGRESSIVE;
				CLANG_WARN_UNREACHABLE_CODE = YES;
				CLANG_WARN__DUPLICATE_METHOD_MATCH = YES;
				COPY_PHASE_STRIP = NO;
				DEBUG_INFORMATION_FORMAT = "dwarf-with-dsym";
				ENABLE_NS_ASSERTIONS = NO;
				ENABLE_STRICT_OBJC_MSGSEND = YES;
				GCC_C_LANGUAGE_STANDARD = gnu11;
				GCC_NO_COMMON_BLOCKS = YES;
				GCC_WARN_64_TO_32_BIT_CONVERSION = YES;
				GCC_WARN_ABOUT_RETURN_TYPE = YES_ERROR;
				GCC_WARN_UNDECLARED_SELECTOR = YES;
				GCC_WARN_UNINITIALIZED_AUTOS = YES_AGGRESSIVE;
				GCC_WARN_UNUSED_FUNCTION = YES;
				GCC_WARN_UNUSED_VARIABLE = YES;
				IPHONEOS_DEPLOYMENT_TARGET = 14.3;
				MTL_ENABLE_DEBUG_INFO = NO;
				MTL_FAST_MATH = YES;
				SDKROOT = iphoneos;
				SWIFT_COMPILATION_MODE = wholemodule;
				SWIFT_OPTIMIZATION_LEVEL = "-O";
				VALIDATE_PRODUCT = YES;
			};
			name = Release;
		};
		C967AF0125BC3E6200A7710F /* Debug */ = {
			isa = XCBuildConfiguration;
			baseConfigurationReference = 09EA7BEE3898696444147CB6 /* Pods-Trady.debug.xcconfig */;
			buildSettings = {
				ASSETCATALOG_COMPILER_APPICON_NAME = AppIcon;
				ASSETCATALOG_COMPILER_GLOBAL_ACCENT_COLOR_NAME = AccentColor;
				CODE_SIGN_ENTITLEMENTS = Trady/Trady.entitlements;
				CODE_SIGN_STYLE = Automatic;
				DEVELOPMENT_ASSET_PATHS = "\"Trady/Preview Content\"";
				DEVELOPMENT_TEAM = FMT427UJW7;
				ENABLE_PREVIEWS = YES;
				INFOPLIST_FILE = Trady/Info.plist;
				IPHONEOS_DEPLOYMENT_TARGET = 14.0;
				LD_RUNPATH_SEARCH_PATHS = (
					"$(inherited)",
					"@executable_path/Frameworks",
				);
				PRODUCT_BUNDLE_IDENTIFIER = com.yellow.Trady;
				PRODUCT_NAME = "$(TARGET_NAME)";
				SWIFT_VERSION = 5.0;
				TARGETED_DEVICE_FAMILY = "1,2";
			};
			name = Debug;
		};
		C967AF0225BC3E6200A7710F /* Release */ = {
			isa = XCBuildConfiguration;
			baseConfigurationReference = E0C19B4823882085D8508280 /* Pods-Trady.release.xcconfig */;
			buildSettings = {
				ASSETCATALOG_COMPILER_APPICON_NAME = AppIcon;
				ASSETCATALOG_COMPILER_GLOBAL_ACCENT_COLOR_NAME = AccentColor;
				CODE_SIGN_ENTITLEMENTS = Trady/Trady.entitlements;
				CODE_SIGN_STYLE = Automatic;
				DEVELOPMENT_ASSET_PATHS = "\"Trady/Preview Content\"";
				DEVELOPMENT_TEAM = FMT427UJW7;
				ENABLE_PREVIEWS = YES;
				INFOPLIST_FILE = Trady/Info.plist;
				IPHONEOS_DEPLOYMENT_TARGET = 14.0;
				LD_RUNPATH_SEARCH_PATHS = (
					"$(inherited)",
					"@executable_path/Frameworks",
				);
				PRODUCT_BUNDLE_IDENTIFIER = com.yellow.Trady;
				PRODUCT_NAME = "$(TARGET_NAME)";
				SWIFT_VERSION = 5.0;
				TARGETED_DEVICE_FAMILY = "1,2";
			};
			name = Release;
		};
		C967AF0425BC3E6200A7710F /* Debug */ = {
			isa = XCBuildConfiguration;
			baseConfigurationReference = A58ADF1C2E986D4FCB36BB04 /* Pods-TradyTests.debug.xcconfig */;
			buildSettings = {
				ALWAYS_EMBED_SWIFT_STANDARD_LIBRARIES = YES;
				BUNDLE_LOADER = "$(TEST_HOST)";
				CODE_SIGN_STYLE = Automatic;
				DEVELOPMENT_TEAM = CMXKRM464P;
				INFOPLIST_FILE = TradyTests/Info.plist;
				IPHONEOS_DEPLOYMENT_TARGET = 14.0;
				LD_RUNPATH_SEARCH_PATHS = (
					"$(inherited)",
					"@executable_path/Frameworks",
					"@loader_path/Frameworks",
				);
				PRODUCT_BUNDLE_IDENTIFIER = com.yellow.TradyTests;
				PRODUCT_NAME = "$(TARGET_NAME)";
				SWIFT_VERSION = 5.0;
				TARGETED_DEVICE_FAMILY = "1,2";
				TEST_HOST = "$(BUILT_PRODUCTS_DIR)/Trady.app/Trady";
			};
			name = Debug;
		};
		C967AF0525BC3E6200A7710F /* Release */ = {
			isa = XCBuildConfiguration;
			baseConfigurationReference = 9AE7E3C759F350F327670ACD /* Pods-TradyTests.release.xcconfig */;
			buildSettings = {
				ALWAYS_EMBED_SWIFT_STANDARD_LIBRARIES = YES;
				BUNDLE_LOADER = "$(TEST_HOST)";
				CODE_SIGN_STYLE = Automatic;
				DEVELOPMENT_TEAM = CMXKRM464P;
				INFOPLIST_FILE = TradyTests/Info.plist;
				IPHONEOS_DEPLOYMENT_TARGET = 14.0;
				LD_RUNPATH_SEARCH_PATHS = (
					"$(inherited)",
					"@executable_path/Frameworks",
					"@loader_path/Frameworks",
				);
				PRODUCT_BUNDLE_IDENTIFIER = com.yellow.TradyTests;
				PRODUCT_NAME = "$(TARGET_NAME)";
				SWIFT_VERSION = 5.0;
				TARGETED_DEVICE_FAMILY = "1,2";
				TEST_HOST = "$(BUILT_PRODUCTS_DIR)/Trady.app/Trady";
			};
			name = Release;
		};
		C967AF0725BC3E6200A7710F /* Debug */ = {
			isa = XCBuildConfiguration;
			baseConfigurationReference = D89A31F2CCA6F277E20BB2E3 /* Pods-Trady-TradyUITests.debug.xcconfig */;
			buildSettings = {
				ALWAYS_EMBED_SWIFT_STANDARD_LIBRARIES = YES;
				CODE_SIGN_STYLE = Automatic;
				DEVELOPMENT_TEAM = CMXKRM464P;
				INFOPLIST_FILE = TradyUITests/Info.plist;
				LD_RUNPATH_SEARCH_PATHS = (
					"$(inherited)",
					"@executable_path/Frameworks",
					"@loader_path/Frameworks",
				);
				PRODUCT_BUNDLE_IDENTIFIER = com.yellow.TradyUITests;
				PRODUCT_NAME = "$(TARGET_NAME)";
				SWIFT_VERSION = 5.0;
				TARGETED_DEVICE_FAMILY = "1,2";
				TEST_TARGET_NAME = Trady;
			};
			name = Debug;
		};
		C967AF0825BC3E6200A7710F /* Release */ = {
			isa = XCBuildConfiguration;
			baseConfigurationReference = 7E8021374B776390750B5C02 /* Pods-Trady-TradyUITests.release.xcconfig */;
			buildSettings = {
				ALWAYS_EMBED_SWIFT_STANDARD_LIBRARIES = YES;
				CODE_SIGN_STYLE = Automatic;
				DEVELOPMENT_TEAM = CMXKRM464P;
				INFOPLIST_FILE = TradyUITests/Info.plist;
				LD_RUNPATH_SEARCH_PATHS = (
					"$(inherited)",
					"@executable_path/Frameworks",
					"@loader_path/Frameworks",
				);
				PRODUCT_BUNDLE_IDENTIFIER = com.yellow.TradyUITests;
				PRODUCT_NAME = "$(TARGET_NAME)";
				SWIFT_VERSION = 5.0;
				TARGETED_DEVICE_FAMILY = "1,2";
				TEST_TARGET_NAME = Trady;
			};
			name = Release;
		};
/* End XCBuildConfiguration section */

/* Begin XCConfigurationList section */
		C967AED625BC3E6000A7710F /* Build configuration list for PBXProject "Trady" */ = {
			isa = XCConfigurationList;
			buildConfigurations = (
				C967AEFE25BC3E6200A7710F /* Debug */,
				C967AEFF25BC3E6200A7710F /* Release */,
			);
			defaultConfigurationIsVisible = 0;
			defaultConfigurationName = Release;
		};
		C967AF0025BC3E6200A7710F /* Build configuration list for PBXNativeTarget "Trady" */ = {
			isa = XCConfigurationList;
			buildConfigurations = (
				C967AF0125BC3E6200A7710F /* Debug */,
				C967AF0225BC3E6200A7710F /* Release */,
			);
			defaultConfigurationIsVisible = 0;
			defaultConfigurationName = Release;
		};
		C967AF0325BC3E6200A7710F /* Build configuration list for PBXNativeTarget "TradyTests" */ = {
			isa = XCConfigurationList;
			buildConfigurations = (
				C967AF0425BC3E6200A7710F /* Debug */,
				C967AF0525BC3E6200A7710F /* Release */,
			);
			defaultConfigurationIsVisible = 0;
			defaultConfigurationName = Release;
		};
		C967AF0625BC3E6200A7710F /* Build configuration list for PBXNativeTarget "TradyUITests" */ = {
			isa = XCConfigurationList;
			buildConfigurations = (
				C967AF0725BC3E6200A7710F /* Debug */,
				C967AF0825BC3E6200A7710F /* Release */,
			);
			defaultConfigurationIsVisible = 0;
			defaultConfigurationName = Release;
		};
/* End XCConfigurationList section */

/* Begin XCRemoteSwiftPackageReference section */
		CEACBD0426F652C3004B9C48 /* XCRemoteSwiftPackageReference "swiftui-flow-layout" */ = {
			isa = XCRemoteSwiftPackageReference;
			repositoryURL = "https://github.com/globulus/swiftui-flow-layout";
			requirement = {
				kind = upToNextMajorVersion;
				minimumVersion = 1.0.3;
			};
		};
/* End XCRemoteSwiftPackageReference section */

/* Begin XCSwiftPackageProductDependency section */
		CEACBD0526F652C3004B9C48 /* SwiftUIFlowLayout */ = {
			isa = XCSwiftPackageProductDependency;
			package = CEACBD0426F652C3004B9C48 /* XCRemoteSwiftPackageReference "swiftui-flow-layout" */;
			productName = SwiftUIFlowLayout;
		};
/* End XCSwiftPackageProductDependency section */
	};
	rootObject = C967AED325BC3E6000A7710F /* Project object */;
}
